// !$*UTF8*$!
{
	archiveVersion = 1;
	classes = {
	};
	objectVersion = 46;
	objects = {

/* Begin PBXBuildFile section */
		294D38D826BFD8140005111D /* libPods-FlipOneColor.a in Frameworks */ = {isa = PBXBuildFile; fileRef = 002DADF7BBD9E734F6A179D8 /* libPods-FlipOneColor.a */; };
		2FE0D306C49B99FDA1AB31A9 /* libPods-FlipOneColorTests.a in Frameworks */ = {isa = PBXBuildFile; fileRef = 7F1DC45EFC38224DF63129EB /* libPods-FlipOneColorTests.a */; };
		9B5E15E91AF9D79C00A72741 /* ResultInterfaceController.swift in Sources */ = {isa = PBXBuildFile; fileRef = 9B5E15E81AF9D79C00A72741 /* ResultInterfaceController.swift */; };
		9B5E15EB1AF9E30900A72741 /* LightsOutTests.swift in Sources */ = {isa = PBXBuildFile; fileRef = 9B5E15EA1AF9E30900A72741 /* LightsOutTests.swift */; };
		9B5E15EC1AF9E31D00A72741 /* LightsOut.swift in Sources */ = {isa = PBXBuildFile; fileRef = 9BA2C8991AF7D4B500D9F4BC /* LightsOut.swift */; };
		9B5E15ED1AF9E32000A72741 /* Light.swift in Sources */ = {isa = PBXBuildFile; fileRef = 9BA2C89C1AF7D4C600D9F4BC /* Light.swift */; };
		9B5E15F21AF9F71E00A72741 /* Score.swift in Sources */ = {isa = PBXBuildFile; fileRef = 9B5E15F11AF9F71E00A72741 /* Score.swift */; };
		9B7658CC1AFBBB2A0033C50C /* HomeViewController.swift in Sources */ = {isa = PBXBuildFile; fileRef = 9B7658CB1AFBBB2A0033C50C /* HomeViewController.swift */; };
		9B7658D01AFBBB6C0033C50C /* InfoViewController.swift in Sources */ = {isa = PBXBuildFile; fileRef = 9B7658CF1AFBBB6C0033C50C /* InfoViewController.swift */; };
		9B7658D21AFBBD330033C50C /* ScoresTableViewController.swift in Sources */ = {isa = PBXBuildFile; fileRef = 9B7658D11AFBBD330033C50C /* ScoresTableViewController.swift */; };
		9B7658D41AFBC77D0033C50C /* InfoForm.swift in Sources */ = {isa = PBXBuildFile; fileRef = 9B7658D31AFBC77D0033C50C /* InfoForm.swift */; };
		9B7658D61AFC70A60033C50C /* LevelViewController.swift in Sources */ = {isa = PBXBuildFile; fileRef = 9B7658D51AFC70A60033C50C /* LevelViewController.swift */; };
		9B7658D81AFD5A5C0033C50C /* AppConfiguration.swift in Sources */ = {isa = PBXBuildFile; fileRef = 9B7658D71AFD5A5C0033C50C /* AppConfiguration.swift */; };
		9B9295861AFBA2BC002B2ABA /* Score.swift in Sources */ = {isa = PBXBuildFile; fileRef = 9B5E15F11AF9F71E00A72741 /* Score.swift */; };
		9B9295881AFBA550002B2ABA /* ScoreTests.swift in Sources */ = {isa = PBXBuildFile; fileRef = 9B9295871AFBA550002B2ABA /* ScoreTests.swift */; };
		9B92958A1AFBB6DE002B2ABA /* Pods-FlipOneColor-acknowledgements.plist in Resources */ = {isa = PBXBuildFile; fileRef = 9B9295891AFBB6DE002B2ABA /* Pods-FlipOneColor-acknowledgements.plist */; };
		9BA2C8521AF7BD9400D9F4BC /* AppDelegate.swift in Sources */ = {isa = PBXBuildFile; fileRef = 9BA2C8511AF7BD9400D9F4BC /* AppDelegate.swift */; };
		9BA2C85B1AF7BD9400D9F4BC /* Images.xcassets in Resources */ = {isa = PBXBuildFile; fileRef = 9BA2C85A1AF7BD9400D9F4BC /* Images.xcassets */; };
		9BA2C85E1AF7BD9400D9F4BC /* LaunchScreen.xib in Resources */ = {isa = PBXBuildFile; fileRef = 9BA2C85C1AF7BD9400D9F4BC /* LaunchScreen.xib */; };
		9BA2C86A1AF7BD9400D9F4BC /* FlipOneColorTests.swift in Sources */ = {isa = PBXBuildFile; fileRef = 9BA2C8691AF7BD9400D9F4BC /* FlipOneColorTests.swift */; };
		9BA2C87C1AF7BF2A00D9F4BC /* HomeInterfaceController.swift in Sources */ = {isa = PBXBuildFile; fileRef = 9BA2C87B1AF7BF2A00D9F4BC /* HomeInterfaceController.swift */; };
		9BA2C87E1AF7BF2A00D9F4BC /* Images.xcassets in Resources */ = {isa = PBXBuildFile; fileRef = 9BA2C87D1AF7BF2A00D9F4BC /* Images.xcassets */; };
		9BA2C8821AF7BF2A00D9F4BC /* FlipOneColor WatchKit App.app in Resources */ = {isa = PBXBuildFile; fileRef = 9BA2C8811AF7BF2A00D9F4BC /* FlipOneColor WatchKit App.app */; };
		9BA2C88A1AF7BF2A00D9F4BC /* Interface.storyboard in Resources */ = {isa = PBXBuildFile; fileRef = 9BA2C8881AF7BF2A00D9F4BC /* Interface.storyboard */; };
		9BA2C88C1AF7BF2A00D9F4BC /* Images.xcassets in Resources */ = {isa = PBXBuildFile; fileRef = 9BA2C88B1AF7BF2A00D9F4BC /* Images.xcassets */; };
		9BA2C88F1AF7BF2A00D9F4BC /* FlipOneColor WatchKit Extension.appex in Embed App Extensions */ = {isa = PBXBuildFile; fileRef = 9BA2C8771AF7BF2A00D9F4BC /* FlipOneColor WatchKit Extension.appex */; settings = {ATTRIBUTES = (RemoveHeadersOnCopy, ); }; };
		9BA2C8981AF7C5A300D9F4BC /* PlayInterfaceController.swift in Sources */ = {isa = PBXBuildFile; fileRef = 9BA2C8971AF7C5A300D9F4BC /* PlayInterfaceController.swift */; };
		9BA2C89A1AF7D4B500D9F4BC /* LightsOut.swift in Sources */ = {isa = PBXBuildFile; fileRef = 9BA2C8991AF7D4B500D9F4BC /* LightsOut.swift */; };
		9BA2C89B1AF7D4B500D9F4BC /* LightsOut.swift in Sources */ = {isa = PBXBuildFile; fileRef = 9BA2C8991AF7D4B500D9F4BC /* LightsOut.swift */; };
		9BA2C89D1AF7D4C600D9F4BC /* Light.swift in Sources */ = {isa = PBXBuildFile; fileRef = 9BA2C89C1AF7D4C600D9F4BC /* Light.swift */; };
		9BA2C89E1AF7D4C600D9F4BC /* Light.swift in Sources */ = {isa = PBXBuildFile; fileRef = 9BA2C89C1AF7D4C600D9F4BC /* Light.swift */; };
		9BF1DA881AFDB8D8000065F1 /* LightsOutScene.swift in Sources */ = {isa = PBXBuildFile; fileRef = 9BF1DA871AFDB8D8000065F1 /* LightsOutScene.swift */; };
/* End PBXBuildFile section */

/* Begin PBXContainerItemProxy section */
		9BA2C8641AF7BD9400D9F4BC /* PBXContainerItemProxy */ = {
			isa = PBXContainerItemProxy;
			containerPortal = 9BA2C8441AF7BD9400D9F4BC /* Project object */;
			proxyType = 1;
			remoteGlobalIDString = 9BA2C84B1AF7BD9400D9F4BC;
			remoteInfo = FlipOneColor;
		};
		9BA2C8831AF7BF2A00D9F4BC /* PBXContainerItemProxy */ = {
			isa = PBXContainerItemProxy;
			containerPortal = 9BA2C8441AF7BD9400D9F4BC /* Project object */;
			proxyType = 1;
			remoteGlobalIDString = 9BA2C8801AF7BF2A00D9F4BC;
			remoteInfo = "FlipOneColor WatchKit App";
		};
		9BA2C88D1AF7BF2A00D9F4BC /* PBXContainerItemProxy */ = {
			isa = PBXContainerItemProxy;
			containerPortal = 9BA2C8441AF7BD9400D9F4BC /* Project object */;
			proxyType = 1;
			remoteGlobalIDString = 9BA2C8761AF7BF2A00D9F4BC;
			remoteInfo = "FlipOneColor WatchKit Extension";
		};
/* End PBXContainerItemProxy section */

/* Begin PBXCopyFilesBuildPhase section */
		9BA2C8961AF7BF2A00D9F4BC /* Embed App Extensions */ = {
			isa = PBXCopyFilesBuildPhase;
			buildActionMask = 2147483647;
			dstPath = "";
			dstSubfolderSpec = 13;
			files = (
				9BA2C88F1AF7BF2A00D9F4BC /* FlipOneColor WatchKit Extension.appex in Embed App Extensions */,
			);
			name = "Embed App Extensions";
			runOnlyForDeploymentPostprocessing = 0;
		};
/* End PBXCopyFilesBuildPhase section */

/* Begin PBXFileReference section */
		002DADF7BBD9E734F6A179D8 /* libPods-FlipOneColor.a */ = {isa = PBXFileReference; explicitFileType = archive.ar; includeInIndex = 0; path = "libPods-FlipOneColor.a"; sourceTree = BUILT_PRODUCTS_DIR; };
		229B2C85380A94CEDF74B9E4 /* libPods.a */ = {isa = PBXFileReference; explicitFileType = archive.ar; includeInIndex = 0; path = libPods.a; sourceTree = BUILT_PRODUCTS_DIR; };
		2C6095B398770ECD463194D9 /* Pods-FlipOneColorTests.release.xcconfig */ = {isa = PBXFileReference; includeInIndex = 1; lastKnownFileType = text.xcconfig; name = "Pods-FlipOneColorTests.release.xcconfig"; path = "Pods/Target Support Files/Pods-FlipOneColorTests/Pods-FlipOneColorTests.release.xcconfig"; sourceTree = "<group>"; };
		4F8414500A4B0C77861B6555 /* Pods-FlipOneColor.debug.xcconfig */ = {isa = PBXFileReference; includeInIndex = 1; lastKnownFileType = text.xcconfig; name = "Pods-FlipOneColor.debug.xcconfig"; path = "Pods/Target Support Files/Pods-FlipOneColor/Pods-FlipOneColor.debug.xcconfig"; sourceTree = "<group>"; };
		7F1DC45EFC38224DF63129EB /* libPods-FlipOneColorTests.a */ = {isa = PBXFileReference; explicitFileType = archive.ar; includeInIndex = 0; path = "libPods-FlipOneColorTests.a"; sourceTree = BUILT_PRODUCTS_DIR; };
		9B5E15E81AF9D79C00A72741 /* ResultInterfaceController.swift */ = {isa = PBXFileReference; fileEncoding = 4; lastKnownFileType = sourcecode.swift; path = ResultInterfaceController.swift; sourceTree = "<group>"; };
		9B5E15EA1AF9E30900A72741 /* LightsOutTests.swift */ = {isa = PBXFileReference; fileEncoding = 4; lastKnownFileType = sourcecode.swift; path = LightsOutTests.swift; sourceTree = "<group>"; };
		9B5E15F11AF9F71E00A72741 /* Score.swift */ = {isa = PBXFileReference; fileEncoding = 4; lastKnownFileType = sourcecode.swift; path = Score.swift; sourceTree = "<group>"; };
		9B5E15F31AF9F8DE00A72741 /* FlipOneColor-Bridging-Header.h */ = {isa = PBXFileReference; lastKnownFileType = sourcecode.c.h; path = "FlipOneColor-Bridging-Header.h"; sourceTree = "<group>"; };
		9B7658CB1AFBBB2A0033C50C /* HomeViewController.swift */ = {isa = PBXFileReference; fileEncoding = 4; lastKnownFileType = sourcecode.swift; path = HomeViewController.swift; sourceTree = "<group>"; };
		9B7658CF1AFBBB6C0033C50C /* InfoViewController.swift */ = {isa = PBXFileReference; fileEncoding = 4; lastKnownFileType = sourcecode.swift; path = InfoViewController.swift; sourceTree = "<group>"; };
		9B7658D11AFBBD330033C50C /* ScoresTableViewController.swift */ = {isa = PBXFileReference; fileEncoding = 4; lastKnownFileType = sourcecode.swift; path = ScoresTableViewController.swift; sourceTree = "<group>"; };
		9B7658D31AFBC77D0033C50C /* InfoForm.swift */ = {isa = PBXFileReference; fileEncoding = 4; lastKnownFileType = sourcecode.swift; path = InfoForm.swift; sourceTree = "<group>"; };
		9B7658D51AFC70A60033C50C /* LevelViewController.swift */ = {isa = PBXFileReference; fileEncoding = 4; lastKnownFileType = sourcecode.swift; path = LevelViewController.swift; sourceTree = "<group>"; };
		9B7658D71AFD5A5C0033C50C /* AppConfiguration.swift */ = {isa = PBXFileReference; fileEncoding = 4; lastKnownFileType = sourcecode.swift; path = AppConfiguration.swift; sourceTree = "<group>"; };
		9B9295871AFBA550002B2ABA /* ScoreTests.swift */ = {isa = PBXFileReference; fileEncoding = 4; lastKnownFileType = sourcecode.swift; path = ScoreTests.swift; sourceTree = "<group>"; };
		9B9295891AFBB6DE002B2ABA /* Pods-FlipOneColor-acknowledgements.plist */ = {isa = PBXFileReference; fileEncoding = 4; lastKnownFileType = text.plist.xml; path = "Pods-FlipOneColor-acknowledgements.plist"; sourceTree = "<group>"; };
		9BA2C84C1AF7BD9400D9F4BC /* FlipOneColor.app */ = {isa = PBXFileReference; explicitFileType = wrapper.application; includeInIndex = 0; path = FlipOneColor.app; sourceTree = BUILT_PRODUCTS_DIR; };
		9BA2C8501AF7BD9400D9F4BC /* Info.plist */ = {isa = PBXFileReference; lastKnownFileType = text.plist.xml; path = Info.plist; sourceTree = "<group>"; };
		9BA2C8511AF7BD9400D9F4BC /* AppDelegate.swift */ = {isa = PBXFileReference; lastKnownFileType = sourcecode.swift; path = AppDelegate.swift; sourceTree = "<group>"; };
		9BA2C85A1AF7BD9400D9F4BC /* Images.xcassets */ = {isa = PBXFileReference; lastKnownFileType = folder.assetcatalog; path = Images.xcassets; sourceTree = "<group>"; };
		9BA2C85D1AF7BD9400D9F4BC /* Base */ = {isa = PBXFileReference; lastKnownFileType = file.xib; name = Base; path = Base.lproj/LaunchScreen.xib; sourceTree = "<group>"; };
		9BA2C8631AF7BD9400D9F4BC /* FlipOneColorTests.xctest */ = {isa = PBXFileReference; explicitFileType = wrapper.cfbundle; includeInIndex = 0; path = FlipOneColorTests.xctest; sourceTree = BUILT_PRODUCTS_DIR; };
		9BA2C8681AF7BD9400D9F4BC /* Info.plist */ = {isa = PBXFileReference; lastKnownFileType = text.plist.xml; path = Info.plist; sourceTree = "<group>"; };
		9BA2C8691AF7BD9400D9F4BC /* FlipOneColorTests.swift */ = {isa = PBXFileReference; lastKnownFileType = sourcecode.swift; path = FlipOneColorTests.swift; sourceTree = "<group>"; };
		9BA2C8771AF7BF2A00D9F4BC /* FlipOneColor WatchKit Extension.appex */ = {isa = PBXFileReference; explicitFileType = "wrapper.app-extension"; includeInIndex = 0; path = "FlipOneColor WatchKit Extension.appex"; sourceTree = BUILT_PRODUCTS_DIR; };
		9BA2C87A1AF7BF2A00D9F4BC /* Info.plist */ = {isa = PBXFileReference; lastKnownFileType = text.plist.xml; path = Info.plist; sourceTree = "<group>"; };
		9BA2C87B1AF7BF2A00D9F4BC /* HomeInterfaceController.swift */ = {isa = PBXFileReference; lastKnownFileType = sourcecode.swift; path = HomeInterfaceController.swift; sourceTree = "<group>"; };
		9BA2C87D1AF7BF2A00D9F4BC /* Images.xcassets */ = {isa = PBXFileReference; lastKnownFileType = folder.assetcatalog; path = Images.xcassets; sourceTree = "<group>"; };
		9BA2C8811AF7BF2A00D9F4BC /* FlipOneColor WatchKit App.app */ = {isa = PBXFileReference; explicitFileType = wrapper.application; includeInIndex = 0; path = "FlipOneColor WatchKit App.app"; sourceTree = BUILT_PRODUCTS_DIR; };
		9BA2C8871AF7BF2A00D9F4BC /* Info.plist */ = {isa = PBXFileReference; lastKnownFileType = text.plist.xml; path = Info.plist; sourceTree = "<group>"; };
		9BA2C8891AF7BF2A00D9F4BC /* Base */ = {isa = PBXFileReference; lastKnownFileType = file.storyboard; name = Base; path = Base.lproj/Interface.storyboard; sourceTree = "<group>"; };
		9BA2C88B1AF7BF2A00D9F4BC /* Images.xcassets */ = {isa = PBXFileReference; lastKnownFileType = folder.assetcatalog; path = Images.xcassets; sourceTree = "<group>"; };
		9BA2C8971AF7C5A300D9F4BC /* PlayInterfaceController.swift */ = {isa = PBXFileReference; fileEncoding = 4; lastKnownFileType = sourcecode.swift; path = PlayInterfaceController.swift; sourceTree = "<group>"; };
		9BA2C8991AF7D4B500D9F4BC /* LightsOut.swift */ = {isa = PBXFileReference; fileEncoding = 4; lastKnownFileType = sourcecode.swift; path = LightsOut.swift; sourceTree = "<group>"; };
		9BA2C89C1AF7D4C600D9F4BC /* Light.swift */ = {isa = PBXFileReference; fileEncoding = 4; lastKnownFileType = sourcecode.swift; path = Light.swift; sourceTree = "<group>"; };
		9BF1DA871AFDB8D8000065F1 /* LightsOutScene.swift */ = {isa = PBXFileReference; fileEncoding = 4; lastKnownFileType = sourcecode.swift; path = LightsOutScene.swift; sourceTree = "<group>"; };
		A51DE0314010A9CA1888383F /* Pods-FlipOneColor.release.xcconfig */ = {isa = PBXFileReference; includeInIndex = 1; lastKnownFileType = text.xcconfig; name = "Pods-FlipOneColor.release.xcconfig"; path = "Pods/Target Support Files/Pods-FlipOneColor/Pods-FlipOneColor.release.xcconfig"; sourceTree = "<group>"; };
		D0918C6868E8A9C91B41E644 /* Pods-FlipOneColorTests.debug.xcconfig */ = {isa = PBXFileReference; includeInIndex = 1; lastKnownFileType = text.xcconfig; name = "Pods-FlipOneColorTests.debug.xcconfig"; path = "Pods/Target Support Files/Pods-FlipOneColorTests/Pods-FlipOneColorTests.debug.xcconfig"; sourceTree = "<group>"; };
/* End PBXFileReference section */

/* Begin PBXFrameworksBuildPhase section */
		9BA2C8491AF7BD9400D9F4BC /* Frameworks */ = {
			isa = PBXFrameworksBuildPhase;
			buildActionMask = 2147483647;
			files = (
				294D38D826BFD8140005111D /* libPods-FlipOneColor.a in Frameworks */,
			);
			runOnlyForDeploymentPostprocessing = 0;
		};
		9BA2C8601AF7BD9400D9F4BC /* Frameworks */ = {
			isa = PBXFrameworksBuildPhase;
			buildActionMask = 2147483647;
			files = (
				2FE0D306C49B99FDA1AB31A9 /* libPods-FlipOneColorTests.a in Frameworks */,
			);
			runOnlyForDeploymentPostprocessing = 0;
		};
		9BA2C8741AF7BF2A00D9F4BC /* Frameworks */ = {
			isa = PBXFrameworksBuildPhase;
			buildActionMask = 2147483647;
			files = (
			);
			runOnlyForDeploymentPostprocessing = 0;
		};
/* End PBXFrameworksBuildPhase section */

/* Begin PBXGroup section */
		9BA2C8431AF7BD9400D9F4BC = {
			isa = PBXGroup;
			children = (
				9BA2C84E1AF7BD9400D9F4BC /* FlipOneColor */,
				9BA2C8661AF7BD9400D9F4BC /* FlipOneColorTests */,
				9BA2C8781AF7BF2A00D9F4BC /* FlipOneColor WatchKit Extension */,
				9BA2C8851AF7BF2A00D9F4BC /* FlipOneColor WatchKit App */,
				9BA2C84D1AF7BD9400D9F4BC /* Products */,
				ABF2612586C90AD3795CB70C /* Pods */,
				F847EFC2AD42051F0B84E601 /* Frameworks */,
			);
			sourceTree = "<group>";
		};
		9BA2C84D1AF7BD9400D9F4BC /* Products */ = {
			isa = PBXGroup;
			children = (
				9BA2C84C1AF7BD9400D9F4BC /* FlipOneColor.app */,
				9BA2C8631AF7BD9400D9F4BC /* FlipOneColorTests.xctest */,
				9BA2C8771AF7BF2A00D9F4BC /* FlipOneColor WatchKit Extension.appex */,
				9BA2C8811AF7BF2A00D9F4BC /* FlipOneColor WatchKit App.app */,
			);
			name = Products;
			sourceTree = "<group>";
		};
		9BA2C84E1AF7BD9400D9F4BC /* FlipOneColor */ = {
			isa = PBXGroup;
			children = (
				9BA2C8511AF7BD9400D9F4BC /* AppDelegate.swift */,
				9BA2C85A1AF7BD9400D9F4BC /* Images.xcassets */,
				9BA2C85C1AF7BD9400D9F4BC /* LaunchScreen.xib */,
				9BA2C84F1AF7BD9400D9F4BC /* Supporting Files */,
				9BA2C8991AF7D4B500D9F4BC /* LightsOut.swift */,
				9BA2C89C1AF7D4C600D9F4BC /* Light.swift */,
				9B5E15F11AF9F71E00A72741 /* Score.swift */,
				9B5E15F31AF9F8DE00A72741 /* FlipOneColor-Bridging-Header.h */,
				9B7658CB1AFBBB2A0033C50C /* HomeViewController.swift */,
				9B7658D11AFBBD330033C50C /* ScoresTableViewController.swift */,
				9B7658CF1AFBBB6C0033C50C /* InfoViewController.swift */,
				9B7658D31AFBC77D0033C50C /* InfoForm.swift */,
				9B7658D51AFC70A60033C50C /* LevelViewController.swift */,
				9B7658D71AFD5A5C0033C50C /* AppConfiguration.swift */,
				9BF1DA871AFDB8D8000065F1 /* LightsOutScene.swift */,
			);
			path = FlipOneColor;
			sourceTree = "<group>";
		};
		9BA2C84F1AF7BD9400D9F4BC /* Supporting Files */ = {
			isa = PBXGroup;
			children = (
				9BA2C8501AF7BD9400D9F4BC /* Info.plist */,
				9B9295891AFBB6DE002B2ABA /* Pods-FlipOneColor-acknowledgements.plist */,
			);
			name = "Supporting Files";
			sourceTree = "<group>";
		};
		9BA2C8661AF7BD9400D9F4BC /* FlipOneColorTests */ = {
			isa = PBXGroup;
			children = (
				9B5E15EA1AF9E30900A72741 /* LightsOutTests.swift */,
				9BA2C8691AF7BD9400D9F4BC /* FlipOneColorTests.swift */,
				9B9295871AFBA550002B2ABA /* ScoreTests.swift */,
				9BA2C8671AF7BD9400D9F4BC /* Supporting Files */,
			);
			path = FlipOneColorTests;
			sourceTree = "<group>";
		};
		9BA2C8671AF7BD9400D9F4BC /* Supporting Files */ = {
			isa = PBXGroup;
			children = (
				9BA2C8681AF7BD9400D9F4BC /* Info.plist */,
			);
			name = "Supporting Files";
			sourceTree = "<group>";
		};
		9BA2C8781AF7BF2A00D9F4BC /* FlipOneColor WatchKit Extension */ = {
			isa = PBXGroup;
			children = (
				9BA2C87B1AF7BF2A00D9F4BC /* HomeInterfaceController.swift */,
				9BA2C87D1AF7BF2A00D9F4BC /* Images.xcassets */,
				9BA2C8791AF7BF2A00D9F4BC /* Supporting Files */,
				9BA2C8971AF7C5A300D9F4BC /* PlayInterfaceController.swift */,
				9B5E15E81AF9D79C00A72741 /* ResultInterfaceController.swift */,
			);
			path = "FlipOneColor WatchKit Extension";
			sourceTree = "<group>";
		};
		9BA2C8791AF7BF2A00D9F4BC /* Supporting Files */ = {
			isa = PBXGroup;
			children = (
				9BA2C87A1AF7BF2A00D9F4BC /* Info.plist */,
			);
			name = "Supporting Files";
			sourceTree = "<group>";
		};
		9BA2C8851AF7BF2A00D9F4BC /* FlipOneColor WatchKit App */ = {
			isa = PBXGroup;
			children = (
				9BA2C8881AF7BF2A00D9F4BC /* Interface.storyboard */,
				9BA2C88B1AF7BF2A00D9F4BC /* Images.xcassets */,
				9BA2C8861AF7BF2A00D9F4BC /* Supporting Files */,
			);
			path = "FlipOneColor WatchKit App";
			sourceTree = "<group>";
		};
		9BA2C8861AF7BF2A00D9F4BC /* Supporting Files */ = {
			isa = PBXGroup;
			children = (
				9BA2C8871AF7BF2A00D9F4BC /* Info.plist */,
			);
			name = "Supporting Files";
			sourceTree = "<group>";
		};
		ABF2612586C90AD3795CB70C /* Pods */ = {
			isa = PBXGroup;
			children = (
				D0918C6868E8A9C91B41E644 /* Pods-FlipOneColorTests.debug.xcconfig */,
				2C6095B398770ECD463194D9 /* Pods-FlipOneColorTests.release.xcconfig */,
				4F8414500A4B0C77861B6555 /* Pods-FlipOneColor.debug.xcconfig */,
				A51DE0314010A9CA1888383F /* Pods-FlipOneColor.release.xcconfig */,
			);
			name = Pods;
			sourceTree = "<group>";
		};
		F847EFC2AD42051F0B84E601 /* Frameworks */ = {
			isa = PBXGroup;
			children = (
				229B2C85380A94CEDF74B9E4 /* libPods.a */,
				7F1DC45EFC38224DF63129EB /* libPods-FlipOneColorTests.a */,
				002DADF7BBD9E734F6A179D8 /* libPods-FlipOneColor.a */,
			);
			name = Frameworks;
			sourceTree = "<group>";
		};
/* End PBXGroup section */

/* Begin PBXNativeTarget section */
		9BA2C84B1AF7BD9400D9F4BC /* FlipOneColor */ = {
			isa = PBXNativeTarget;
			buildConfigurationList = 9BA2C86D1AF7BD9400D9F4BC /* Build configuration list for PBXNativeTarget "FlipOneColor" */;
			buildPhases = (
				85CF48B67A8F0B0F482C45D7 /* Check Pods Manifest.lock */,
				9BA2C8481AF7BD9400D9F4BC /* Sources */,
				9BA2C8491AF7BD9400D9F4BC /* Frameworks */,
				9BA2C84A1AF7BD9400D9F4BC /* Resources */,
				9BA2C8961AF7BF2A00D9F4BC /* Embed App Extensions */,
				657DA3FB3A057503DCD48A87 /* Copy Pods Resources */,
			);
			buildRules = (
			);
			dependencies = (
				9BA2C88E1AF7BF2A00D9F4BC /* PBXTargetDependency */,
			);
			name = FlipOneColor;
			productName = FlipOneColor;
			productReference = 9BA2C84C1AF7BD9400D9F4BC /* FlipOneColor.app */;
			productType = "com.apple.product-type.application";
		};
		9BA2C8621AF7BD9400D9F4BC /* FlipOneColorTests */ = {
			isa = PBXNativeTarget;
			buildConfigurationList = 9BA2C8701AF7BD9400D9F4BC /* Build configuration list for PBXNativeTarget "FlipOneColorTests" */;
			buildPhases = (
				ECEF8661178F8BBC40C21D52 /* Check Pods Manifest.lock */,
				9BA2C85F1AF7BD9400D9F4BC /* Sources */,
				9BA2C8601AF7BD9400D9F4BC /* Frameworks */,
				9BA2C8611AF7BD9400D9F4BC /* Resources */,
				746D5CEDB1A0D291262A4993 /* Copy Pods Resources */,
			);
			buildRules = (
			);
			dependencies = (
				9BA2C8651AF7BD9400D9F4BC /* PBXTargetDependency */,
			);
			name = FlipOneColorTests;
			productName = FlipOneColorTests;
			productReference = 9BA2C8631AF7BD9400D9F4BC /* FlipOneColorTests.xctest */;
			productType = "com.apple.product-type.bundle.unit-test";
		};
		9BA2C8761AF7BF2A00D9F4BC /* FlipOneColor WatchKit Extension */ = {
			isa = PBXNativeTarget;
			buildConfigurationList = 9BA2C8931AF7BF2A00D9F4BC /* Build configuration list for PBXNativeTarget "FlipOneColor WatchKit Extension" */;
			buildPhases = (
				9BA2C8731AF7BF2A00D9F4BC /* Sources */,
				9BA2C8741AF7BF2A00D9F4BC /* Frameworks */,
				9BA2C8751AF7BF2A00D9F4BC /* Resources */,
			);
			buildRules = (
			);
			dependencies = (
				9BA2C8841AF7BF2A00D9F4BC /* PBXTargetDependency */,
			);
			name = "FlipOneColor WatchKit Extension";
			productName = "FlipOneColor WatchKit Extension";
			productReference = 9BA2C8771AF7BF2A00D9F4BC /* FlipOneColor WatchKit Extension.appex */;
			productType = "com.apple.product-type.watchkit-extension";
		};
		9BA2C8801AF7BF2A00D9F4BC /* FlipOneColor WatchKit App */ = {
			isa = PBXNativeTarget;
			buildConfigurationList = 9BA2C8901AF7BF2A00D9F4BC /* Build configuration list for PBXNativeTarget "FlipOneColor WatchKit App" */;
			buildPhases = (
				9BA2C87F1AF7BF2A00D9F4BC /* Resources */,
			);
			buildRules = (
			);
			dependencies = (
			);
			name = "FlipOneColor WatchKit App";
			productName = "FlipOneColor WatchKit App";
			productReference = 9BA2C8811AF7BF2A00D9F4BC /* FlipOneColor WatchKit App.app */;
			productType = "com.apple.product-type.application.watchapp";
		};
/* End PBXNativeTarget section */

/* Begin PBXProject section */
		9BA2C8441AF7BD9400D9F4BC /* Project object */ = {
			isa = PBXProject;
			attributes = {
				LastUpgradeCheck = 0630;
				ORGANIZATIONNAME = tnantoka;
				TargetAttributes = {
					9BA2C84B1AF7BD9400D9F4BC = {
						CreatedOnToolsVersion = 6.3.1;
					};
					9BA2C8621AF7BD9400D9F4BC = {
						CreatedOnToolsVersion = 6.3.1;
						TestTargetID = 9BA2C84B1AF7BD9400D9F4BC;
					};
					9BA2C8761AF7BF2A00D9F4BC = {
						CreatedOnToolsVersion = 6.3.1;
					};
					9BA2C8801AF7BF2A00D9F4BC = {
						CreatedOnToolsVersion = 6.3.1;
						DevelopmentTeam = H4Z42X3L6X;
					};
				};
			};
			buildConfigurationList = 9BA2C8471AF7BD9400D9F4BC /* Build configuration list for PBXProject "FlipOneColor" */;
			compatibilityVersion = "Xcode 3.2";
			developmentRegion = English;
			hasScannedForEncodings = 0;
			knownRegions = (
				en,
				Base,
			);
			mainGroup = 9BA2C8431AF7BD9400D9F4BC;
			productRefGroup = 9BA2C84D1AF7BD9400D9F4BC /* Products */;
			projectDirPath = "";
			projectRoot = "";
			targets = (
				9BA2C84B1AF7BD9400D9F4BC /* FlipOneColor */,
				9BA2C8621AF7BD9400D9F4BC /* FlipOneColorTests */,
				9BA2C8761AF7BF2A00D9F4BC /* FlipOneColor WatchKit Extension */,
				9BA2C8801AF7BF2A00D9F4BC /* FlipOneColor WatchKit App */,
			);
		};
/* End PBXProject section */

/* Begin PBXResourcesBuildPhase section */
		9BA2C84A1AF7BD9400D9F4BC /* Resources */ = {
			isa = PBXResourcesBuildPhase;
			buildActionMask = 2147483647;
			files = (
				9B92958A1AFBB6DE002B2ABA /* Pods-FlipOneColor-acknowledgements.plist in Resources */,
				9BA2C85E1AF7BD9400D9F4BC /* LaunchScreen.xib in Resources */,
				9BA2C85B1AF7BD9400D9F4BC /* Images.xcassets in Resources */,
			);
			runOnlyForDeploymentPostprocessing = 0;
		};
		9BA2C8611AF7BD9400D9F4BC /* Resources */ = {
			isa = PBXResourcesBuildPhase;
			buildActionMask = 2147483647;
			files = (
			);
			runOnlyForDeploymentPostprocessing = 0;
		};
		9BA2C8751AF7BF2A00D9F4BC /* Resources */ = {
			isa = PBXResourcesBuildPhase;
			buildActionMask = 2147483647;
			files = (
				9BA2C8821AF7BF2A00D9F4BC /* FlipOneColor WatchKit App.app in Resources */,
				9BA2C87E1AF7BF2A00D9F4BC /* Images.xcassets in Resources */,
			);
			runOnlyForDeploymentPostprocessing = 0;
		};
		9BA2C87F1AF7BF2A00D9F4BC /* Resources */ = {
			isa = PBXResourcesBuildPhase;
			buildActionMask = 2147483647;
			files = (
				9BA2C88A1AF7BF2A00D9F4BC /* Interface.storyboard in Resources */,
				9BA2C88C1AF7BF2A00D9F4BC /* Images.xcassets in Resources */,
			);
			runOnlyForDeploymentPostprocessing = 0;
		};
/* End PBXResourcesBuildPhase section */

/* Begin PBXShellScriptBuildPhase section */
		657DA3FB3A057503DCD48A87 /* Copy Pods Resources */ = {
			isa = PBXShellScriptBuildPhase;
			buildActionMask = 2147483647;
			files = (
			);
			inputPaths = (
			);
			name = "Copy Pods Resources";
			outputPaths = (
			);
			runOnlyForDeploymentPostprocessing = 0;
			shellPath = /bin/sh;
			shellScript = "\"${SRCROOT}/Pods/Target Support Files/Pods-FlipOneColor/Pods-FlipOneColor-resources.sh\"\n";
			showEnvVarsInLog = 0;
		};
		746D5CEDB1A0D291262A4993 /* Copy Pods Resources */ = {
			isa = PBXShellScriptBuildPhase;
			buildActionMask = 2147483647;
			files = (
			);
			inputPaths = (
			);
			name = "Copy Pods Resources";
			outputPaths = (
			);
			runOnlyForDeploymentPostprocessing = 0;
			shellPath = /bin/sh;
			shellScript = "\"${SRCROOT}/Pods/Target Support Files/Pods-FlipOneColorTests/Pods-FlipOneColorTests-resources.sh\"\n";
			showEnvVarsInLog = 0;
		};
		85CF48B67A8F0B0F482C45D7 /* Check Pods Manifest.lock */ = {
			isa = PBXShellScriptBuildPhase;
			buildActionMask = 2147483647;
			files = (
			);
			inputPaths = (
			);
			name = "Check Pods Manifest.lock";
			outputPaths = (
			);
			runOnlyForDeploymentPostprocessing = 0;
			shellPath = /bin/sh;
			shellScript = "diff \"${PODS_ROOT}/../Podfile.lock\" \"${PODS_ROOT}/Manifest.lock\" > /dev/null\nif [[ $? != 0 ]] ; then\n    cat << EOM\nerror: The sandbox is not in sync with the Podfile.lock. Run 'pod install' or update your CocoaPods installation.\nEOM\n    exit 1\nfi\n";
			showEnvVarsInLog = 0;
		};
		ECEF8661178F8BBC40C21D52 /* Check Pods Manifest.lock */ = {
			isa = PBXShellScriptBuildPhase;
			buildActionMask = 2147483647;
			files = (
			);
			inputPaths = (
			);
			name = "Check Pods Manifest.lock";
			outputPaths = (
			);
			runOnlyForDeploymentPostprocessing = 0;
			shellPath = /bin/sh;
			shellScript = "diff \"${PODS_ROOT}/../Podfile.lock\" \"${PODS_ROOT}/Manifest.lock\" > /dev/null\nif [[ $? != 0 ]] ; then\n    cat << EOM\nerror: The sandbox is not in sync with the Podfile.lock. Run 'pod install' or update your CocoaPods installation.\nEOM\n    exit 1\nfi\n";
			showEnvVarsInLog = 0;
		};
/* End PBXShellScriptBuildPhase section */

/* Begin PBXSourcesBuildPhase section */
		9BA2C8481AF7BD9400D9F4BC /* Sources */ = {
			isa = PBXSourcesBuildPhase;
			buildActionMask = 2147483647;
			files = (
				9B7658CC1AFBBB2A0033C50C /* HomeViewController.swift in Sources */,
				9B7658D41AFBC77D0033C50C /* InfoForm.swift in Sources */,
				9BA2C89D1AF7D4C600D9F4BC /* Light.swift in Sources */,
				9B7658D61AFC70A60033C50C /* LevelViewController.swift in Sources */,
				9B7658D21AFBBD330033C50C /* ScoresTableViewController.swift in Sources */,
				9BA2C89A1AF7D4B500D9F4BC /* LightsOut.swift in Sources */,
				9B7658D81AFD5A5C0033C50C /* AppConfiguration.swift in Sources */,
				9BF1DA881AFDB8D8000065F1 /* LightsOutScene.swift in Sources */,
				9B7658D01AFBBB6C0033C50C /* InfoViewController.swift in Sources */,
				9BA2C8521AF7BD9400D9F4BC /* AppDelegate.swift in Sources */,
				9B5E15F21AF9F71E00A72741 /* Score.swift in Sources */,
			);
			runOnlyForDeploymentPostprocessing = 0;
		};
		9BA2C85F1AF7BD9400D9F4BC /* Sources */ = {
			isa = PBXSourcesBuildPhase;
			buildActionMask = 2147483647;
			files = (
				9B9295881AFBA550002B2ABA /* ScoreTests.swift in Sources */,
				9B5E15EC1AF9E31D00A72741 /* LightsOut.swift in Sources */,
				9BA2C86A1AF7BD9400D9F4BC /* FlipOneColorTests.swift in Sources */,
				9B5E15ED1AF9E32000A72741 /* Light.swift in Sources */,
				9B5E15EB1AF9E30900A72741 /* LightsOutTests.swift in Sources */,
				9B9295861AFBA2BC002B2ABA /* Score.swift in Sources */,
			);
			runOnlyForDeploymentPostprocessing = 0;
		};
		9BA2C8731AF7BF2A00D9F4BC /* Sources */ = {
			isa = PBXSourcesBuildPhase;
			buildActionMask = 2147483647;
			files = (
				9BA2C89B1AF7D4B500D9F4BC /* LightsOut.swift in Sources */,
				9B5E15E91AF9D79C00A72741 /* ResultInterfaceController.swift in Sources */,
				9BA2C87C1AF7BF2A00D9F4BC /* HomeInterfaceController.swift in Sources */,
				9BA2C89E1AF7D4C600D9F4BC /* Light.swift in Sources */,
				9BA2C8981AF7C5A300D9F4BC /* PlayInterfaceController.swift in Sources */,
			);
			runOnlyForDeploymentPostprocessing = 0;
		};
/* End PBXSourcesBuildPhase section */

/* Begin PBXTargetDependency section */
		9BA2C8651AF7BD9400D9F4BC /* PBXTargetDependency */ = {
			isa = PBXTargetDependency;
			target = 9BA2C84B1AF7BD9400D9F4BC /* FlipOneColor */;
			targetProxy = 9BA2C8641AF7BD9400D9F4BC /* PBXContainerItemProxy */;
		};
		9BA2C8841AF7BF2A00D9F4BC /* PBXTargetDependency */ = {
			isa = PBXTargetDependency;
			target = 9BA2C8801AF7BF2A00D9F4BC /* FlipOneColor WatchKit App */;
			targetProxy = 9BA2C8831AF7BF2A00D9F4BC /* PBXContainerItemProxy */;
		};
		9BA2C88E1AF7BF2A00D9F4BC /* PBXTargetDependency */ = {
			isa = PBXTargetDependency;
			target = 9BA2C8761AF7BF2A00D9F4BC /* FlipOneColor WatchKit Extension */;
			targetProxy = 9BA2C88D1AF7BF2A00D9F4BC /* PBXContainerItemProxy */;
		};
/* End PBXTargetDependency section */

/* Begin PBXVariantGroup section */
		9BA2C85C1AF7BD9400D9F4BC /* LaunchScreen.xib */ = {
			isa = PBXVariantGroup;
			children = (
				9BA2C85D1AF7BD9400D9F4BC /* Base */,
			);
			name = LaunchScreen.xib;
			sourceTree = "<group>";
		};
		9BA2C8881AF7BF2A00D9F4BC /* Interface.storyboard */ = {
			isa = PBXVariantGroup;
			children = (
				9BA2C8891AF7BF2A00D9F4BC /* Base */,
			);
			name = Interface.storyboard;
			sourceTree = "<group>";
		};
/* End PBXVariantGroup section */

/* Begin XCBuildConfiguration section */
		9BA2C86B1AF7BD9400D9F4BC /* Debug */ = {
			isa = XCBuildConfiguration;
			buildSettings = {
				ALWAYS_SEARCH_USER_PATHS = NO;
				CLANG_CXX_LANGUAGE_STANDARD = "gnu++0x";
				CLANG_CXX_LIBRARY = "libc++";
				CLANG_ENABLE_MODULES = YES;
				CLANG_ENABLE_OBJC_ARC = YES;
				CLANG_WARN_BOOL_CONVERSION = YES;
				CLANG_WARN_CONSTANT_CONVERSION = YES;
				CLANG_WARN_DIRECT_OBJC_ISA_USAGE = YES_ERROR;
				CLANG_WARN_EMPTY_BODY = YES;
				CLANG_WARN_ENUM_CONVERSION = YES;
				CLANG_WARN_INT_CONVERSION = YES;
				CLANG_WARN_OBJC_ROOT_CLASS = YES_ERROR;
				CLANG_WARN_UNREACHABLE_CODE = YES;
				CLANG_WARN__DUPLICATE_METHOD_MATCH = YES;
				"CODE_SIGN_IDENTITY[sdk=iphoneos*]" = "iPhone Developer";
				COPY_PHASE_STRIP = NO;
				DEBUG_INFORMATION_FORMAT = "dwarf-with-dsym";
				ENABLE_STRICT_OBJC_MSGSEND = YES;
				GCC_C_LANGUAGE_STANDARD = gnu99;
				GCC_DYNAMIC_NO_PIC = NO;
				GCC_NO_COMMON_BLOCKS = YES;
				GCC_OPTIMIZATION_LEVEL = 0;
				GCC_PREPROCESSOR_DEFINITIONS = (
					"DEBUG=1",
					"$(inherited)",
				);
				GCC_SYMBOLS_PRIVATE_EXTERN = NO;
				GCC_WARN_64_TO_32_BIT_CONVERSION = YES;
				GCC_WARN_ABOUT_RETURN_TYPE = YES_ERROR;
				GCC_WARN_UNDECLARED_SELECTOR = YES;
				GCC_WARN_UNINITIALIZED_AUTOS = YES_AGGRESSIVE;
				GCC_WARN_UNUSED_FUNCTION = YES;
				GCC_WARN_UNUSED_VARIABLE = YES;
				IPHONEOS_DEPLOYMENT_TARGET = 8.3;
				MTL_ENABLE_DEBUG_INFO = YES;
				ONLY_ACTIVE_ARCH = YES;
				OTHER_SWIFT_FLAGS = "";
				SDKROOT = iphoneos;
				SWIFT_OPTIMIZATION_LEVEL = "-Onone";
			};
			name = Debug;
		};
		9BA2C86C1AF7BD9400D9F4BC /* Release */ = {
			isa = XCBuildConfiguration;
			buildSettings = {
				ALWAYS_SEARCH_USER_PATHS = NO;
				CLANG_CXX_LANGUAGE_STANDARD = "gnu++0x";
				CLANG_CXX_LIBRARY = "libc++";
				CLANG_ENABLE_MODULES = YES;
				CLANG_ENABLE_OBJC_ARC = YES;
				CLANG_WARN_BOOL_CONVERSION = YES;
				CLANG_WARN_CONSTANT_CONVERSION = YES;
				CLANG_WARN_DIRECT_OBJC_ISA_USAGE = YES_ERROR;
				CLANG_WARN_EMPTY_BODY = YES;
				CLANG_WARN_ENUM_CONVERSION = YES;
				CLANG_WARN_INT_CONVERSION = YES;
				CLANG_WARN_OBJC_ROOT_CLASS = YES_ERROR;
				CLANG_WARN_UNREACHABLE_CODE = YES;
				CLANG_WARN__DUPLICATE_METHOD_MATCH = YES;
				"CODE_SIGN_IDENTITY[sdk=iphoneos*]" = "iPhone Developer";
				COPY_PHASE_STRIP = NO;
				DEBUG_INFORMATION_FORMAT = "dwarf-with-dsym";
				ENABLE_NS_ASSERTIONS = NO;
				ENABLE_STRICT_OBJC_MSGSEND = YES;
				GCC_C_LANGUAGE_STANDARD = gnu99;
				GCC_NO_COMMON_BLOCKS = YES;
				GCC_WARN_64_TO_32_BIT_CONVERSION = YES;
				GCC_WARN_ABOUT_RETURN_TYPE = YES_ERROR;
				GCC_WARN_UNDECLARED_SELECTOR = YES;
				GCC_WARN_UNINITIALIZED_AUTOS = YES_AGGRESSIVE;
				GCC_WARN_UNUSED_FUNCTION = YES;
				GCC_WARN_UNUSED_VARIABLE = YES;
				IPHONEOS_DEPLOYMENT_TARGET = 8.3;
				MTL_ENABLE_DEBUG_INFO = NO;
				SDKROOT = iphoneos;
				VALIDATE_PRODUCT = YES;
			};
			name = Release;
		};
		9BA2C86E1AF7BD9400D9F4BC /* Debug */ = {
			isa = XCBuildConfiguration;
			baseConfigurationReference = 4F8414500A4B0C77861B6555 /* Pods-FlipOneColor.debug.xcconfig */;
			buildSettings = {
				ASSETCATALOG_COMPILER_APPICON_NAME = AppIcon;
				CLANG_ENABLE_MODULES = YES;
				INFOPLIST_FILE = FlipOneColor/Info.plist;
				LD_RUNPATH_SEARCH_PATHS = "$(inherited) @executable_path/Frameworks";
				OTHER_SWIFT_FLAGS = "-D DEBUG";
				PRODUCT_NAME = "$(TARGET_NAME)";
				SWIFT_OBJC_BRIDGING_HEADER = "FlipOneColor/FlipOneColor-Bridging-Header.h";
				SWIFT_OPTIMIZATION_LEVEL = "-Onone";
			};
			name = Debug;
		};
		9BA2C86F1AF7BD9400D9F4BC /* Release */ = {
			isa = XCBuildConfiguration;
			baseConfigurationReference = A51DE0314010A9CA1888383F /* Pods-FlipOneColor.release.xcconfig */;
			buildSettings = {
				ASSETCATALOG_COMPILER_APPICON_NAME = AppIcon;
				CLANG_ENABLE_MODULES = YES;
				INFOPLIST_FILE = FlipOneColor/Info.plist;
				LD_RUNPATH_SEARCH_PATHS = "$(inherited) @executable_path/Frameworks";
				PRODUCT_NAME = "$(TARGET_NAME)";
				SWIFT_OBJC_BRIDGING_HEADER = "FlipOneColor/FlipOneColor-Bridging-Header.h";
			};
			name = Release;
		};
		9BA2C8711AF7BD9400D9F4BC /* Debug */ = {
			isa = XCBuildConfiguration;
			baseConfigurationReference = D0918C6868E8A9C91B41E644 /* Pods-FlipOneColorTests.debug.xcconfig */;
			buildSettings = {
				BUNDLE_LOADER = "$(TEST_HOST)";
				FRAMEWORK_SEARCH_PATHS = (
					"$(SDKROOT)/Developer/Library/Frameworks",
					"$(inherited)",
				);
				GCC_PREPROCESSOR_DEFINITIONS = (
					"DEBUG=1",
					"$(inherited)",
				);
				INFOPLIST_FILE = FlipOneColorTests/Info.plist;
				LD_RUNPATH_SEARCH_PATHS = "$(inherited) @executable_path/Frameworks @loader_path/Frameworks";
				OTHER_SWIFT_FLAGS = "-D DEBUG";
				PRODUCT_NAME = "$(TARGET_NAME)";
				SWIFT_OBJC_BRIDGING_HEADER = "FlipOneColor/FlipOneColor-Bridging-Header.h";
				TEST_HOST = "$(BUILT_PRODUCTS_DIR)/FlipOneColor.app/FlipOneColor";
			};
			name = Debug;
		};
		9BA2C8721AF7BD9400D9F4BC /* Release */ = {
			isa = XCBuildConfiguration;
			baseConfigurationReference = 2C6095B398770ECD463194D9 /* Pods-FlipOneColorTests.release.xcconfig */;
			buildSettings = {
				BUNDLE_LOADER = "$(TEST_HOST)";
				FRAMEWORK_SEARCH_PATHS = (
					"$(SDKROOT)/Developer/Library/Frameworks",
					"$(inherited)",
				);
				INFOPLIST_FILE = FlipOneColorTests/Info.plist;
				LD_RUNPATH_SEARCH_PATHS = "$(inherited) @executable_path/Frameworks @loader_path/Frameworks";
				PRODUCT_NAME = "$(TARGET_NAME)";
				SWIFT_OBJC_BRIDGING_HEADER = "FlipOneColor/FlipOneColor-Bridging-Header.h";
				TEST_HOST = "$(BUILT_PRODUCTS_DIR)/FlipOneColor.app/FlipOneColor";
			};
			name = Release;
		};
		9BA2C8911AF7BF2A00D9F4BC /* Debug */ = {
			isa = XCBuildConfiguration;
			buildSettings = {
				ASSETCATALOG_COMPILER_APPICON_NAME = AppIcon;
				CODE_SIGN_IDENTITY = "iPhone Developer";
				"CODE_SIGN_IDENTITY[sdk=iphoneos*]" = "iPhone Developer";
				GCC_PREPROCESSOR_DEFINITIONS = (
					"DEBUG=1",
					"$(inherited)",
				);
				IBSC_MODULE = FlipOneColor_WatchKit_Extension;
				INFOPLIST_FILE = "FlipOneColor WatchKit App/Info.plist";
				IPHONEOS_DEPLOYMENT_TARGET = 8.2;
				PRODUCT_NAME = "$(TARGET_NAME)";
				PROVISIONING_PROFILE = "";
				SKIP_INSTALL = YES;
				TARGETED_DEVICE_FAMILY = 4;
				"TARGETED_DEVICE_FAMILY[sdk=iphonesimulator*]" = "1,4";
			};
			name = Debug;
		};
		9BA2C8921AF7BF2A00D9F4BC /* Release */ = {
			isa = XCBuildConfiguration;
			buildSettings = {
				ASSETCATALOG_COMPILER_APPICON_NAME = AppIcon;
				CODE_SIGN_IDENTITY = "iPhone Developer";
				"CODE_SIGN_IDENTITY[sdk=iphoneos*]" = "iPhone Developer";
				IBSC_MODULE = FlipOneColor_WatchKit_Extension;
				INFOPLIST_FILE = "FlipOneColor WatchKit App/Info.plist";
				IPHONEOS_DEPLOYMENT_TARGET = 8.2;
				PRODUCT_NAME = "$(TARGET_NAME)";
				PROVISIONING_PROFILE = "";
				SKIP_INSTALL = YES;
				TARGETED_DEVICE_FAMILY = 4;
				"TARGETED_DEVICE_FAMILY[sdk=iphonesimulator*]" = "1,4";
			};
			name = Release;
		};
		9BA2C8941AF7BF2A00D9F4BC /* Debug */ = {
			isa = XCBuildConfiguration;
			buildSettings = {
				GCC_PREPROCESSOR_DEFINITIONS = (
					"DEBUG=1",
					"$(inherited)",
				);
				INFOPLIST_FILE = "FlipOneColor WatchKit Extension/Info.plist";
				LD_RUNPATH_SEARCH_PATHS = "$(inherited) @executable_path/Frameworks @executable_path/../../Frameworks";
				OTHER_SWIFT_FLAGS = "-D DEBUG";
				PRODUCT_NAME = "${TARGET_NAME}";
				SKIP_INSTALL = YES;
			};
			name = Debug;
		};
		9BA2C8951AF7BF2A00D9F4BC /* Release */ = {
			isa = XCBuildConfiguration;
			buildSettings = {
				INFOPLIST_FILE = "FlipOneColor WatchKit Extension/Info.plist";
				LD_RUNPATH_SEARCH_PATHS = "$(inherited) @executable_path/Frameworks @executable_path/../../Frameworks";
				PRODUCT_NAME = "${TARGET_NAME}";
				SKIP_INSTALL = YES;
			};
			name = Release;
		};
/* End XCBuildConfiguration section */

/* Begin XCConfigurationList section */
		9BA2C8471AF7BD9400D9F4BC /* Build configuration list for PBXProject "FlipOneColor" */ = {
			isa = XCConfigurationList;
			buildConfigurations = (
				9BA2C86B1AF7BD9400D9F4BC /* Debug */,
				9BA2C86C1AF7BD9400D9F4BC /* Release */,
			);
			defaultConfigurationIsVisible = 0;
			defaultConfigurationName = Release;
		};
		9BA2C86D1AF7BD9400D9F4BC /* Build configuration list for PBXNativeTarget "FlipOneColor" */ = {
			isa = XCConfigurationList;
			buildConfigurations = (
				9BA2C86E1AF7BD9400D9F4BC /* Debug */,
				9BA2C86F1AF7BD9400D9F4BC /* Release */,
			);
			defaultConfigurationIsVisible = 0;
			defaultConfigurationName = Release;
		};
		9BA2C8701AF7BD9400D9F4BC /* Build configuration list for PBXNativeTarget "FlipOneColorTests" */ = {
			isa = XCConfigurationList;
			buildConfigurations = (
				9BA2C8711AF7BD9400D9F4BC /* Debug */,
				9BA2C8721AF7BD9400D9F4BC /* Release */,
			);
			defaultConfigurationIsVisible = 0;
			defaultConfigurationName = Release;
		};
		9BA2C8901AF7BF2A00D9F4BC /* Build configuration list for PBXNativeTarget "FlipOneColor WatchKit App" */ = {
			isa = XCConfigurationList;
			buildConfigurations = (
				9BA2C8911AF7BF2A00D9F4BC /* Debug */,
				9BA2C8921AF7BF2A00D9F4BC /* Release */,
			);
			defaultConfigurationIsVisible = 0;
			defaultConfigurationName = Release;
		};
		9BA2C8931AF7BF2A00D9F4BC /* Build configuration list for PBXNativeTarget "FlipOneColor WatchKit Extension" */ = {
			isa = XCConfigurationList;
			buildConfigurations = (
				9BA2C8941AF7BF2A00D9F4BC /* Debug */,
				9BA2C8951AF7BF2A00D9F4BC /* Release */,
			);
			defaultConfigurationIsVisible = 0;
			defaultConfigurationName = Release;
		};
/* End XCConfigurationList section */
	};
	rootObject = 9BA2C8441AF7BD9400D9F4BC /* Project object */;
}
